
Microsoft Visual Studio Solution File, Format Version 12.00
# Visual Studio 14
VisualStudioVersion = 14.0.25420.1
MinimumVisualStudioVersion = 10.0.40219.1
Project("{FAE04EC0-301F-11D3-BF4B-00C04F79EFBC}") = "04-01_MileageCalculator", "04-01_MileageCalculator\04-01_MileageCalculator.csproj", "{7D9E40F0-3FFA-466F-A47A-9B613B230AE9}"
EndProject
Project("{FAE04EC0-301F-11D3-BF4B-00C04F79EFBC}") = "04-02_Swap-Elephant", "04-02_Swap-Elephant\04-02_Swap-Elephant.csproj", "{493DAEC1-FB04-4260-ACC7-DFCBEC500AB7}"
EndProject
Project("{FAE04EC0-301F-11D3-BF4B-00C04F79EFBC}") = "04-03_Sloppy-Joe-Menu", "04-03_Sloppy-Joe-Menu\04-03_Sloppy-Joe-Menu.csproj", "{A9A72B3F-A7BD-4B81-A045-10F05A2AF25D}"
EndProject
Project("{FAE04EC0-301F-11D3-BF4B-00C04F79EFBC}") = "04-04_Islands-Arrays", "04-04_Islands-Arrays\04-04_Islands-Arrays.csproj", "{5DBB200A-A32B-4CA3-82A2-CA1510792524}"
EndProject
Project("{FAE04EC0-301F-11D3-BF4B-00C04F79EFBC}") = "04-05_Pool-Puzzle", "04-05_Pool-Puzzle\04-05_Pool-Puzzle.csproj", "{53CA31D2-3977-4F4B-8DFF-55A8EF1A19B0}"
EndProject
Project("{FAE04EC0-301F-11D3-BF4B-00C04F79EFBC}") = "04-06_Hit-the-Keys", "04-06_Hit-the-Keys\04-06_Hit-the-Keys.csproj", "{DD6CB6C9-CBCC-467B-86DE-DF9BA0138A6C}"
EndProject
Global
	GlobalSection(SolutionConfigurationPlatforms) = preSolution
		Debug|Any CPU = Debug|Any CPU
		Release|Any CPU = Release|Any CPU
	EndGlobalSection
	GlobalSection(ProjectConfigurationPlatforms) = postSolution
		{7D9E40F0-3FFA-466F-A47A-9B613B230AE9}.Debug|Any CPU.ActiveCfg = Debug|Any CPU
		{7D9E40F0-3FFA-466F-A47A-9B613B230AE9}.Debug|Any CPU.Build.0 = Debug|Any CPU
		{7D9E40F0-3FFA-466F-A47A-9B613B230AE9}.Release|Any CPU.ActiveCfg = Release|Any CPU
		{7D9E40F0-3FFA-466F-A47A-9B613B230AE9}.Release|Any CPU.Build.0 = Release|Any CPU
		{493DAEC1-FB04-4260-ACC7-DFCBEC500AB7}.Debug|Any CPU.ActiveCfg = Debug|Any CPU
		{493DAEC1-FB04-4260-ACC7-DFCBEC500AB7}.Debug|Any CPU.Build.0 = Debug|Any CPU
		{493DAEC1-FB04-4260-ACC7-DFCBEC500AB7}.Release|Any CPU.ActiveCfg = Release|Any CPU
		{493DAEC1-FB04-4260-ACC7-DFCBEC500AB7}.Release|Any CPU.Build.0 = Release|Any CPU
		{A9A72B3F-A7BD-4B81-A045-10F05A2AF25D}.Debug|Any CPU.ActiveCfg = Debug|Any CPU
		{A9A72B3F-A7BD-4B81-A045-10F05A2AF25D}.Debug|Any CPU.Build.0 = Debug|Any CPU
		{A9A72B3F-A7BD-4B81-A045-10F05A2AF25D}.Release|Any CPU.ActiveCfg = Release|Any CPU
		{A9A72B3F-A7BD-4B81-A045-10F05A2AF25D}.Release|Any CPU.Build.0 = Release|Any CPU
		{5DBB200A-A32B-4CA3-82A2-CA1510792524}.Debug|Any CPU.ActiveCfg = Debug|Any CPU
		{5DBB200A-A32B-4CA3-82A2-CA1510792524}.Debug|Any CPU.Build.0 = Debug|Any CPU
		{5DBB200A-A32B-4CA3-82A2-CA1510792524}.Release|Any CPU.ActiveCfg = Release|Any CPU
		{5DBB200A-A32B-4CA3-82A2-CA1510792524}.Release|Any CPU.Build.0 = Release|Any CPU
		{53CA31D2-3977-4F4B-8DFF-55A8EF1A19B0}.Debug|Any CPU.ActiveCfg = Debug|Any CPU
		{53CA31D2-3977-4F4B-8DFF-55A8EF1A19B0}.Debug|Any CPU.Build.0 = Debug|Any CPU
		{53CA31D2-3977-4F4B-8DFF-55A8EF1A19B0}.Release|Any CPU.ActiveCfg = Release|Any CPU
		{53CA31D2-3977-4F4B-8DFF-55A8EF1A19B0}.Release|Any CPU.Build.0 = Release|Any CPU
		{DD6CB6C9-CBCC-467B-86DE-DF9BA0138A6C}.Debug|Any CPU.ActiveCfg = Debug|Any CPU
		{DD6CB6C9-CBCC-467B-86DE-DF9BA0138A6C}.Debug|Any CPU.Build.0 = Debug|Any CPU
		{DD6CB6C9-CBCC-467B-86DE-DF9BA0138A6C}.Release|Any CPU.ActiveCfg = Release|Any CPU
		{DD6CB6C9-CBCC-467B-86DE-DF9BA0138A6C}.Release|Any CPU.Build.0 = Release|Any CPU
	EndGlobalSection
	GlobalSection(SolutionProperties) = preSolution
		HideSolutionNode = FALSE
	EndGlobalSection
EndGlobal
