
Microsoft Visual Studio Solution File, Format Version 12.00
# Visual Studio 14
VisualStudioVersion = 14.0.25420.1
MinimumVisualStudioVersion = 10.0.40219.1
Project("{FAE04EC0-301F-11D3-BF4B-00C04F79EFBC}") = "05-01_Party-Planner", "05-01_Party-Planner\05-01_Party-Planner.csproj", "{7BDD2441-850D-42EC-A047-9A77F3282D71}"
EndProject
Project("{FAE04EC0-301F-11D3-BF4B-00C04F79EFBC}") = "05-02_Cow-calculator", "05-02_Cow-calculator\05-02_Cow-calculator.csproj", "{A7ADC876-A9C5-4801-AA1C-66D404D83DFA}"
EndProject
Project("{FAE04EC0-301F-11D3-BF4B-00C04F79EFBC}") = "05-03_Party-Planner-2.0", "05-03_Party-Planner-2.0\05-03_Party-Planner-2.0.csproj", "{48CE788C-38D5-4B54-AEFC-89067F5D5DC5}"
EndProject
Project("{FAE04EC0-301F-11D3-BF4B-00C04F79EFBC}") = "05-04_Pool-Puzzle", "05-04_Pool-Puzzle\05-04_Pool-Puzzle.csproj", "{46554AC5-FB0B-4403-A647-FB1587A6DE20}"
EndProject
Project("{FAE04EC0-301F-11D3-BF4B-00C04F79EFBC}") = "05-05_JewelsThief", "05-05_JewelsThief\05-05_JewelsThief.csproj", "{05B731A4-FE20-454D-BD00-47D90B994F70}"
EndProject
Global
	GlobalSection(SolutionConfigurationPlatforms) = preSolution
		Debug|Any CPU = Debug|Any CPU
		Release|Any CPU = Release|Any CPU
	EndGlobalSection
	GlobalSection(ProjectConfigurationPlatforms) = postSolution
		{7BDD2441-850D-42EC-A047-9A77F3282D71}.Debug|Any CPU.ActiveCfg = Debug|Any CPU
		{7BDD2441-850D-42EC-A047-9A77F3282D71}.Debug|Any CPU.Build.0 = Debug|Any CPU
		{7BDD2441-850D-42EC-A047-9A77F3282D71}.Release|Any CPU.ActiveCfg = Release|Any CPU
		{7BDD2441-850D-42EC-A047-9A77F3282D71}.Release|Any CPU.Build.0 = Release|Any CPU
		{A7ADC876-A9C5-4801-AA1C-66D404D83DFA}.Debug|Any CPU.ActiveCfg = Debug|Any CPU
		{A7ADC876-A9C5-4801-AA1C-66D404D83DFA}.Debug|Any CPU.Build.0 = Debug|Any CPU
		{A7ADC876-A9C5-4801-AA1C-66D404D83DFA}.Release|Any CPU.ActiveCfg = Release|Any CPU
		{A7ADC876-A9C5-4801-AA1C-66D404D83DFA}.Release|Any CPU.Build.0 = Release|Any CPU
		{48CE788C-38D5-4B54-AEFC-89067F5D5DC5}.Debug|Any CPU.ActiveCfg = Debug|Any CPU
		{48CE788C-38D5-4B54-AEFC-89067F5D5DC5}.Debug|Any CPU.Build.0 = Debug|Any CPU
		{48CE788C-38D5-4B54-AEFC-89067F5D5DC5}.Release|Any CPU.ActiveCfg = Release|Any CPU
		{48CE788C-38D5-4B54-AEFC-89067F5D5DC5}.Release|Any CPU.Build.0 = Release|Any CPU
		{46554AC5-FB0B-4403-A647-FB1587A6DE20}.Debug|Any CPU.ActiveCfg = Debug|Any CPU
		{46554AC5-FB0B-4403-A647-FB1587A6DE20}.Debug|Any CPU.Build.0 = Debug|Any CPU
		{46554AC5-FB0B-4403-A647-FB1587A6DE20}.Release|Any CPU.ActiveCfg = Release|Any CPU
		{46554AC5-FB0B-4403-A647-FB1587A6DE20}.Release|Any CPU.Build.0 = Release|Any CPU
		{05B731A4-FE20-454D-BD00-47D90B994F70}.Debug|Any CPU.ActiveCfg = Debug|Any CPU
		{05B731A4-FE20-454D-BD00-47D90B994F70}.Debug|Any CPU.Build.0 = Debug|Any CPU
		{05B731A4-FE20-454D-BD00-47D90B994F70}.Release|Any CPU.ActiveCfg = Release|Any CPU
		{05B731A4-FE20-454D-BD00-47D90B994F70}.Release|Any CPU.Build.0 = Release|Any CPU
	EndGlobalSection
	GlobalSection(SolutionProperties) = preSolution
		HideSolutionNode = FALSE
	EndGlobalSection
EndGlobal
