
Microsoft Visual Studio Solution File, Format Version 12.00
# Visual Studio 14
VisualStudioVersion = 14.0.25420.1
MinimumVisualStudioVersion = 10.0.40219.1
Project("{FAE04EC0-301F-11D3-BF4B-00C04F79EFBC}") = "05-01_Party-Planner", "05-01_Party-Planner\05-01_Party-Planner.csproj", "{7BDD2441-850D-42EC-A047-9A77F3282D71}"
EndProject
Project("{FAE04EC0-301F-11D3-BF4B-00C04F79EFBC}") = "05-02_Cow-calculator", "05-02_Cow-calculator\05-02_Cow-calculator.csproj", "{A7ADC876-A9C5-4801-AA1C-66D404D83DFA}"
EndProject
Global
	GlobalSection(SolutionConfigurationPlatforms) = preSolution
		Debug|Any CPU = Debug|Any CPU
		Release|Any CPU = Release|Any CPU
	EndGlobalSection
	GlobalSection(ProjectConfigurationPlatforms) = postSolution
		{7BDD2441-850D-42EC-A047-9A77F3282D71}.Debug|Any CPU.ActiveCfg = Debug|Any CPU
		{7BDD2441-850D-42EC-A047-9A77F3282D71}.Debug|Any CPU.Build.0 = Debug|Any CPU
		{7BDD2441-850D-42EC-A047-9A77F3282D71}.Release|Any CPU.ActiveCfg = Release|Any CPU
		{7BDD2441-850D-42EC-A047-9A77F3282D71}.Release|Any CPU.Build.0 = Release|Any CPU
		{A7ADC876-A9C5-4801-AA1C-66D404D83DFA}.Debug|Any CPU.ActiveCfg = Debug|Any CPU
		{A7ADC876-A9C5-4801-AA1C-66D404D83DFA}.Debug|Any CPU.Build.0 = Debug|Any CPU
		{A7ADC876-A9C5-4801-AA1C-66D404D83DFA}.Release|Any CPU.ActiveCfg = Release|Any CPU
		{A7ADC876-A9C5-4801-AA1C-66D404D83DFA}.Release|Any CPU.Build.0 = Release|Any CPU
	EndGlobalSection
	GlobalSection(SolutionProperties) = preSolution
		HideSolutionNode = FALSE
	EndGlobalSection
EndGlobal
